
Microsoft Visual Studio Solution File, Format Version 12.00
# Visual Studio Version 17
VisualStudioVersion = 17.0.31903.59
MinimumVisualStudioVersion = 10.0.40219.1
Project("{FAE04EC0-301F-11D3-BF4B-00C04F79EFBC}") = "BugTape.Core", "BugTape.Core\BugTape.Core.csproj", "{4CC95D44-34D3-4AA1-819F-92428BCF57A7}"
EndProject
Project("{FAE04EC0-301F-11D3-BF4B-00C04F79EFBC}") = "UnitTests", "BugTape.Core.Tests\UnitTests.csproj", "{228E351A-0D27-4453-A5E7-C1A1879EA40F}"
EndProject
Project("{FAE04EC0-301F-11D3-BF4B-00C04F79EFBC}") = "BugTape.Viewer", "BugTape.Viewer\BugTape.Viewer.csproj", "{F30CE57C-AF73-4581-93FF-6B1D15D99CB1}"
EndProject
Global
	GlobalSection(SolutionConfigurationPlatforms) = preSolution
		Debug|Any CPU = Debug|Any CPU
		Debug|x64 = Debug|x64
		Debug|x86 = Debug|x86
		Release|Any CPU = Release|Any CPU
		Release|x64 = Release|x64
		Release|x86 = Release|x86
	EndGlobalSection
	GlobalSection(ProjectConfigurationPlatforms) = postSolution
		{4CC95D44-34D3-4AA1-819F-92428BCF57A7}.Debug|Any CPU.ActiveCfg = Debug|Any CPU
		{4CC95D44-34D3-4AA1-819F-92428BCF57A7}.Debug|Any CPU.Build.0 = Debug|Any CPU
		{4CC95D44-34D3-4AA1-819F-92428BCF57A7}.Debug|x64.ActiveCfg = Debug|Any CPU
		{4CC95D44-34D3-4AA1-819F-92428BCF57A7}.Debug|x64.Build.0 = Debug|Any CPU
		{4CC95D44-34D3-4AA1-819F-92428BCF57A7}.Debug|x86.ActiveCfg = Debug|Any CPU
		{4CC95D44-34D3-4AA1-819F-92428BCF57A7}.Debug|x86.Build.0 = Debug|Any CPU
		{4CC95D44-34D3-4AA1-819F-92428BCF57A7}.Release|Any CPU.ActiveCfg = Release|Any CPU
		{4CC95D44-34D3-4AA1-819F-92428BCF57A7}.Release|Any CPU.Build.0 = Release|Any CPU
		{4CC95D44-34D3-4AA1-819F-92428BCF57A7}.Release|x64.ActiveCfg = Release|Any CPU
		{4CC95D44-34D3-4AA1-819F-92428BCF57A7}.Release|x64.Build.0 = Release|Any CPU
		{4CC95D44-34D3-4AA1-819F-92428BCF57A7}.Release|x86.ActiveCfg = Release|Any CPU
		{4CC95D44-34D3-4AA1-819F-92428BCF57A7}.Release|x86.Build.0 = Release|Any CPU
		{228E351A-0D27-4453-A5E7-C1A1879EA40F}.Debug|Any CPU.ActiveCfg = Debug|Any CPU
		{228E351A-0D27-4453-A5E7-C1A1879EA40F}.Debug|Any CPU.Build.0 = Debug|Any CPU
		{228E351A-0D27-4453-A5E7-C1A1879EA40F}.Debug|x64.ActiveCfg = Debug|Any CPU
		{228E351A-0D27-4453-A5E7-C1A1879EA40F}.Debug|x64.Build.0 = Debug|Any CPU
		{228E351A-0D27-4453-A5E7-C1A1879EA40F}.Debug|x86.ActiveCfg = Debug|Any CPU
		{228E351A-0D27-4453-A5E7-C1A1879EA40F}.Debug|x86.Build.0 = Debug|Any CPU
		{228E351A-0D27-4453-A5E7-C1A1879EA40F}.Release|Any CPU.ActiveCfg = Release|Any CPU
		{228E351A-0D27-4453-A5E7-C1A1879EA40F}.Release|Any CPU.Build.0 = Release|Any CPU
		{228E351A-0D27-4453-A5E7-C1A1879EA40F}.Release|x64.ActiveCfg = Release|Any CPU
		{228E351A-0D27-4453-A5E7-C1A1879EA40F}.Release|x64.Build.0 = Release|Any CPU
		{228E351A-0D27-4453-A5E7-C1A1879EA40F}.Release|x86.ActiveCfg = Release|Any CPU
		{228E351A-0D27-4453-A5E7-C1A1879EA40F}.Release|x86.Build.0 = Release|Any CPU
		{F30CE57C-AF73-4581-93FF-6B1D15D99CB1}.Debug|Any CPU.ActiveCfg = Debug|Any CPU
		{F30CE57C-AF73-4581-93FF-6B1D15D99CB1}.Debug|Any CPU.Build.0 = Debug|Any CPU
		{F30CE57C-AF73-4581-93FF-6B1D15D99CB1}.Debug|x64.ActiveCfg = Debug|Any CPU
		{F30CE57C-AF73-4581-93FF-6B1D15D99CB1}.Debug|x64.Build.0 = Debug|Any CPU
		{F30CE57C-AF73-4581-93FF-6B1D15D99CB1}.Debug|x86.ActiveCfg = Debug|Any CPU
		{F30CE57C-AF73-4581-93FF-6B1D15D99CB1}.Debug|x86.Build.0 = Debug|Any CPU
		{F30CE57C-AF73-4581-93FF-6B1D15D99CB1}.Release|Any CPU.ActiveCfg = Release|Any CPU
		{F30CE57C-AF73-4581-93FF-6B1D15D99CB1}.Release|Any CPU.Build.0 = Release|Any CPU
		{F30CE57C-AF73-4581-93FF-6B1D15D99CB1}.Release|x64.ActiveCfg = Release|Any CPU
		{F30CE57C-AF73-4581-93FF-6B1D15D99CB1}.Release|x64.Build.0 = Release|Any CPU
		{F30CE57C-AF73-4581-93FF-6B1D15D99CB1}.Release|x86.ActiveCfg = Release|Any CPU
		{F30CE57C-AF73-4581-93FF-6B1D15D99CB1}.Release|x86.Build.0 = Release|Any CPU
	EndGlobalSection
	GlobalSection(SolutionProperties) = preSolution
		HideSolutionNode = FALSE
	EndGlobalSection
EndGlobal
